PODS:
  - AFNetworking (2.5.2):
    - AFNetworking/NSURLConnection (= 2.5.2)
    - AFNetworking/NSURLSession (= 2.5.2)
    - AFNetworking/Reachability (= 2.5.2)
    - AFNetworking/Security (= 2.5.2)
    - AFNetworking/Serialization (= 2.5.2)
    - AFNetworking/UIKit (= 2.5.2)
  - AFNetworking/NSURLConnection (2.5.2):
    - AFNetworking/Reachability
    - AFNetworking/Security
    - AFNetworking/Serialization
  - AFNetworking/NSURLSession (2.5.2):
    - AFNetworking/Reachability
    - AFNetworking/Security
    - AFNetworking/Serialization
  - AFNetworking/Reachability (2.5.2)
  - AFNetworking/Security (2.5.2)
  - AFNetworking/Serialization (2.5.2)
  - AFNetworking/UIKit (2.5.2):
    - AFNetworking/NSURLConnection
    - AFNetworking/NSURLSession
  - CocoaLumberjack (1.9.2):
    - CocoaLumberjack/Extensions (= 1.9.2)
  - CocoaLumberjack/Core (1.9.2)
  - CocoaLumberjack/Extensions (1.9.2):
    - CocoaLumberjack/Core
  - FontAwesomeIconFactory (1.4)
  - ISO8601DateFormatter (0.7)
  - MZDayPicker (0.0.5)
  - Realm (0.91.1):
    - Realm/Headers (= 0.91.1)
  - Realm+JSON (0.2.7):
    - Realm (~> 0.91)
  - Realm/Headers (0.91.1)
  - SWRevealViewController (2.3.0)

DEPENDENCIES:
  - AFNetworking (~> 2.5)
  - CocoaLumberjack (~> 1.9)
  - FontAwesomeIconFactory
  - ISO8601DateFormatter (~> 0.7)
  - MZDayPicker
  - Realm (~> 0.91)
  - Realm+JSON (~> 0.2)
  - SWRevealViewController (~> 2.3)

SPEC CHECKSUMS:
  AFNetworking: fefbce9660acb17f48ae0011292d4da0f457bf36
  CocoaLumberjack: 628fca2e88ef06f7cf6817309aa405f325d9a6fa
  FontAwesomeIconFactory: 4b6d0a8d90b2604a2518e34d15bbc100af99f11c
  ISO8601DateFormatter: ab926648eebe497f4d167c0fd083992f959f1274
  MZDayPicker: 8cdcab1d8d3da920a57b1fd4fef5788d289234b2
  Realm: b9c1fd9defa26aa7276ce938a8df52ec81f24528
  Realm+JSON: 4de46733cc84a6f53d49d48b0bff42018b37f4a7
  SWRevealViewController: 6d3fd97f70112fd7cef9de14df4260eacce4c63a

COCOAPODS: 0.36.1
